
Microsoft Visual Studio Solution File, Format Version 12.00
# Visual Studio Version 17
VisualStudioVersion = 17.9.34728.123
MinimumVisualStudioVersion = 10.0.40219.1
Project("{FAE04EC0-301F-11D3-BF4B-00C04F79EFBC}") = "Games", "Games.csproj", "{38421B3C-35A9-4F42-AD1A-C973A34626EB}"
EndProject
Global
	GlobalSection(SolutionConfigurationPlatforms) = preSolution
		Debug|Any CPU = Debug|Any CPU
		Release|Any CPU = Release|Any CPU
	EndGlobalSection
	GlobalSection(ProjectConfigurationPlatforms) = postSolution
		{38421B3C-35A9-4F42-AD1A-C973A34626EB}.Debug|Any CPU.ActiveCfg = Debug|Any CPU
		{38421B3C-35A9-4F42-AD1A-C973A34626EB}.Debug|Any CPU.Build.0 = Debug|Any CPU
		{38421B3C-35A9-4F42-AD1A-C973A34626EB}.Release|Any CPU.ActiveCfg = Release|Any CPU
		{38421B3C-35A9-4F42-AD1A-C973A34626EB}.Release|Any CPU.Build.0 = Release|Any CPU
	EndGlobalSection
	GlobalSection(SolutionProperties) = preSolution
		HideSolutionNode = FALSE
	EndGlobalSection
	GlobalSection(ExtensibilityGlobals) = postSolution
		SolutionGuid = {86FD3BBF-2964-435B-9470-550B8817E692}
	EndGlobalSection
EndGlobal
